
Microsoft Visual Studio Solution File, Format Version 12.00
# Visual Studio 15
VisualStudioVersion = 15.0.28307.1738
MinimumVisualStudioVersion = 10.0.40219.1
Project("{159641D6-6404-4A2A-AE62-294DE0FE8301}") = "SSIS_1", "SSIS_1\SSIS_1.dtproj", "{70C004E3-762A-4472-A318-EA0809473E97}"
EndProject
Global
	GlobalSection(SolutionConfigurationPlatforms) = preSolution
		Development|Default = Development|Default
	EndGlobalSection
	GlobalSection(ProjectConfigurationPlatforms) = postSolution
		{70C004E3-762A-4472-A318-EA0809473E97}.Development|Default.ActiveCfg = Development
		{70C004E3-762A-4472-A318-EA0809473E97}.Development|Default.Build.0 = Development
	EndGlobalSection
	GlobalSection(SolutionProperties) = preSolution
		HideSolutionNode = FALSE
	EndGlobalSection
	GlobalSection(ExtensibilityGlobals) = postSolution
		SolutionGuid = {C665BC97-FD8F-4A79-A342-B4B3B2F7F09F}
	EndGlobalSection
EndGlobal
